Microsoft Visual Studio Solution File, Format Version 12.00
# Visual Studio Version 17
VisualStudioVersion = 17.5.2.0
MinimumVisualStudioVersion = 10.0.40219.1
Project("{2150E333-8FDC-42A3-9474-1A3956D46DE8}") = "strategies", "strategies", "{BCC6587D-76CC-E7EA-55F7-F7E84A0BA0BE}"
EndProject
Project("{2150E333-8FDC-42A3-9474-1A3956D46DE8}") = "csharp", "csharp", "{53215AFE-B675-B5B4-2139-8560DDC47FAC}"
EndProject
Project("{FAE04EC0-301F-11D3-BF4B-00C04F79EFBC}") = "DualMomentumV2", "strategies\csharp\DualMomentumV2.csproj", "{7B3540EB-AB50-C6E2-BC47-9FC2C156F7B7}"
EndProject
Global
	GlobalSection(SolutionConfigurationPlatforms) = preSolution
		Debug|Any CPU = Debug|Any CPU
		Release|Any CPU = Release|Any CPU
	EndGlobalSection
	GlobalSection(ProjectConfigurationPlatforms) = postSolution
		{7B3540EB-AB50-C6E2-BC47-9FC2C156F7B7}.Debug|Any CPU.ActiveCfg = Debug|Any CPU
		{7B3540EB-AB50-C6E2-BC47-9FC2C156F7B7}.Debug|Any CPU.Build.0 = Debug|Any CPU
		{7B3540EB-AB50-C6E2-BC47-9FC2C156F7B7}.Release|Any CPU.ActiveCfg = Release|Any CPU
		{7B3540EB-AB50-C6E2-BC47-9FC2C156F7B7}.Release|Any CPU.Build.0 = Release|Any CPU
	EndGlobalSection
	GlobalSection(SolutionProperties) = preSolution
		HideSolutionNode = FALSE
	EndGlobalSection
	GlobalSection(NestedProjects) = preSolution
		{53215AFE-B675-B5B4-2139-8560DDC47FAC} = {BCC6587D-76CC-E7EA-55F7-F7E84A0BA0BE}
		{7B3540EB-AB50-C6E2-BC47-9FC2C156F7B7} = {53215AFE-B675-B5B4-2139-8560DDC47FAC}
	EndGlobalSection
	GlobalSection(ExtensibilityGlobals) = postSolution
		SolutionGuid = {069B7D48-3B98-4B9F-B574-6F91EFC5F6B8}
	EndGlobalSection
EndGlobal
